
Microsoft Visual Studio Solution File, Format Version 12.00
# Visual Studio Version 17
VisualStudioVersion = 17.4.32916.344
MinimumVisualStudioVersion = 10.0.40219.1
Project("{9A19103F-16F7-4668-BE54-9A1E7A4F7556}") = "ChatCoreAPI", "ChatCoreAPI\ChatCoreAPI.csproj", "{9DD9BD22-C08B-476C-939E-8786F0F2B516}"
EndProject
Project("{2150E333-8FDC-42A3-9474-1A3956D46DE8}") = "솔루션 항목", "솔루션 항목", "{E5D86FB9-2EBC-4CE7-A208-0DDB1EF3B077}"
	ProjectSection(SolutionItems) = preProject
		code-review.md = code-review.md
		readme.md = readme.md
	EndProjectSection
EndProject
Project("{9A19103F-16F7-4668-BE54-9A1E7A4F7556}") = "ChatCoreApiTest", "ChatCoreAPITest\ChatCoreApiTest.csproj", "{99E0966A-4796-4B07-B8AB-925D8924CA0D}"
EndProject
Global
	GlobalSection(SolutionConfigurationPlatforms) = preSolution
		Debug|Any CPU = Debug|Any CPU
		Release|Any CPU = Release|Any CPU
	EndGlobalSection
	GlobalSection(ProjectConfigurationPlatforms) = postSolution
		{9DD9BD22-C08B-476C-939E-8786F0F2B516}.Debug|Any CPU.ActiveCfg = Debug|Any CPU
		{9DD9BD22-C08B-476C-939E-8786F0F2B516}.Debug|Any CPU.Build.0 = Debug|Any CPU
		{9DD9BD22-C08B-476C-939E-8786F0F2B516}.Release|Any CPU.ActiveCfg = Release|Any CPU
		{9DD9BD22-C08B-476C-939E-8786F0F2B516}.Release|Any CPU.Build.0 = Release|Any CPU
		{99E0966A-4796-4B07-B8AB-925D8924CA0D}.Debug|Any CPU.ActiveCfg = Debug|Any CPU
		{99E0966A-4796-4B07-B8AB-925D8924CA0D}.Debug|Any CPU.Build.0 = Debug|Any CPU
		{99E0966A-4796-4B07-B8AB-925D8924CA0D}.Release|Any CPU.ActiveCfg = Release|Any CPU
		{99E0966A-4796-4B07-B8AB-925D8924CA0D}.Release|Any CPU.Build.0 = Release|Any CPU
	EndGlobalSection
	GlobalSection(SolutionProperties) = preSolution
		HideSolutionNode = FALSE
	EndGlobalSection
	GlobalSection(ExtensibilityGlobals) = postSolution
		SolutionGuid = {727C39F2-2A6D-4ACF-A562-3818F76B1C16}
	EndGlobalSection
EndGlobal
